
Microsoft Visual Studio Solution File, Format Version 12.00
# Visual Studio Version 17
VisualStudioVersion = 17.7.34003.232
MinimumVisualStudioVersion = 10.0.40219.1
Project("{FAE04EC0-301F-11D3-BF4B-00C04F79EFBC}") = "Peliculas2", "Peliculas2\Peliculas2.csproj", "{9BB28B30-1929-423D-92C0-C5202DBCBB10}"
EndProject
Global
	GlobalSection(SolutionConfigurationPlatforms) = preSolution
		Debug|Any CPU = Debug|Any CPU
		Release|Any CPU = Release|Any CPU
	EndGlobalSection
	GlobalSection(ProjectConfigurationPlatforms) = postSolution
		{9BB28B30-1929-423D-92C0-C5202DBCBB10}.Debug|Any CPU.ActiveCfg = Debug|Any CPU
		{9BB28B30-1929-423D-92C0-C5202DBCBB10}.Debug|Any CPU.Build.0 = Debug|Any CPU
		{9BB28B30-1929-423D-92C0-C5202DBCBB10}.Release|Any CPU.ActiveCfg = Release|Any CPU
		{9BB28B30-1929-423D-92C0-C5202DBCBB10}.Release|Any CPU.Build.0 = Release|Any CPU
	EndGlobalSection
	GlobalSection(SolutionProperties) = preSolution
		HideSolutionNode = FALSE
	EndGlobalSection
	GlobalSection(ExtensibilityGlobals) = postSolution
		SolutionGuid = {1765DB47-DDED-41EC-9DC4-DA6969A72FEB}
	EndGlobalSection
EndGlobal
